
Microsoft Visual Studio Solution File, Format Version 12.00
# Visual Studio Version 17
VisualStudioVersion = 17.5.002.0
MinimumVisualStudioVersion = 10.0.40219.1
Project("{9A19103F-16F7-4668-BE54-9A1E7A4F7556}") = "POS.WebApp", "POS.WebApp.csproj", "{D3F04543-4A62-4FA8-9461-D59BABA9DBEA}"
EndProject
Global
	GlobalSection(SolutionConfigurationPlatforms) = preSolution
		Debug|Any CPU = Debug|Any CPU
		Release|Any CPU = Release|Any CPU
	EndGlobalSection
	GlobalSection(ProjectConfigurationPlatforms) = postSolution
		{D3F04543-4A62-4FA8-9461-D59BABA9DBEA}.Debug|Any CPU.ActiveCfg = Debug|Any CPU
		{D3F04543-4A62-4FA8-9461-D59BABA9DBEA}.Debug|Any CPU.Build.0 = Debug|Any CPU
		{D3F04543-4A62-4FA8-9461-D59BABA9DBEA}.Release|Any CPU.ActiveCfg = Release|Any CPU
		{D3F04543-4A62-4FA8-9461-D59BABA9DBEA}.Release|Any CPU.Build.0 = Release|Any CPU
	EndGlobalSection
	GlobalSection(SolutionProperties) = preSolution
		HideSolutionNode = FALSE
	EndGlobalSection
	GlobalSection(ExtensibilityGlobals) = postSolution
		SolutionGuid = {748939F6-04E7-4CFD-9B24-B2C2FCC495A0}
	EndGlobalSection
EndGlobal
